// !$*UTF8*$!
{
	archiveVersion = 1;
	classes = {
	};
	objectVersion = 60;
	objects = {

/* Begin PBXBuildFile section */
		2A59DB8F2D1949E5003E0D44 /* RUICircularProgressViewExample.swift in Sources */ = {isa = PBXBuildFile; fileRef = 2A59DB8E2D1949E5003E0D44 /* RUICircularProgressViewExample.swift */; };
		2A59DB912D1B5E1E003E0D44 /* RUISlider.swift in Sources */ = {isa = PBXBuildFile; fileRef = 2A59DB902D1B5E1E003E0D44 /* RUISlider.swift */; };
		2A59DB952D1B61FD003E0D44 /* RUISliderExample.swift in Sources */ = {isa = PBXBuildFile; fileRef = 2A59DB922D1B61B9003E0D44 /* RUISliderExample.swift */; };
		2A5C90D12D1E967C00DDF96F /* RUIProgressView.swift in Sources */ = {isa = PBXBuildFile; fileRef = 2A5C90D02D1E967C00DDF96F /* RUIProgressView.swift */; };
		2A5C90D42D1E9EE400DDF96F /* Comparable+Extension.swift in Sources */ = {isa = PBXBuildFile; fileRef = 2A5C90D32D1E9EE400DDF96F /* Comparable+Extension.swift */; };
		2A5C90D62D1EA6B900DDF96F /* RUIProgressViewExample.swift in Sources */ = {isa = PBXBuildFile; fileRef = 2A5C90D52D1EA6B900DDF96F /* RUIProgressViewExample.swift */; };
		2A5C90DA2D1FF96400DDF96F /* RUIEmbeddedThumbSlider.swift in Sources */ = {isa = PBXBuildFile; fileRef = 2A5C90D92D1FF96400DDF96F /* RUIEmbeddedThumbSlider.swift */; };
		2A5C90DC2D1FFD7B00DDF96F /* RUIEmbeddedThumbSliderExample.swift in Sources */ = {isa = PBXBuildFile; fileRef = 2A5C90DB2D1FFD7B00DDF96F /* RUIEmbeddedThumbSliderExample.swift */; };
		2A5C90DE2D21522500DDF96F /* BinaryFloatingPoint+Extension.swift in Sources */ = {isa = PBXBuildFile; fileRef = 2A5C90DD2D21522500DDF96F /* BinaryFloatingPoint+Extension.swift */; };
		2A5C90E02D2154DA00DDF96F /* ClosedRange+Extension.swift in Sources */ = {isa = PBXBuildFile; fileRef = 2A5C90DF2D2154DA00DDF96F /* ClosedRange+Extension.swift */; };
		2AB7B06B2D17DBBD00D64FA0 /* RUIKit.framework in Frameworks */ = {isa = PBXBuildFile; fileRef = 2AB7B04B2D17DB0B00D64FA0 /* RUIKit.framework */; };
		2AB7B06C2D17DBBD00D64FA0 /* RUIKit.framework in Embed Frameworks */ = {isa = PBXBuildFile; fileRef = 2AB7B04B2D17DB0B00D64FA0 /* RUIKit.framework */; settings = {ATTRIBUTES = (CodeSignOnCopy, RemoveHeadersOnCopy, ); }; };
		2AB7B0782D17DFC900D64FA0 /* RUICircularProgressView.swift in Sources */ = {isa = PBXBuildFile; fileRef = 2AB7B0752D17DFC900D64FA0 /* RUICircularProgressView.swift */; };
		2AB7B0902D17E20300D64FA0 /* RUIKitExampleViewsList.swift in Sources */ = {isa = PBXBuildFile; fileRef = 2AB7B0872D17E04500D64FA0 /* RUIKitExampleViewsList.swift */; };
		2AB7B0912D17E20700D64FA0 /* RUIKitExampleApp.swift in Sources */ = {isa = PBXBuildFile; fileRef = 2AB7B0882D17E04500D64FA0 /* RUIKitExampleApp.swift */; };
		2AD2BC812D376A4E0061B6CD /* RThemeEngine in Frameworks */ = {isa = PBXBuildFile; productRef = 2AD2BC802D376A4E0061B6CD /* RThemeEngine */; };
		2AF864E92D350EE1003DD546 /* RUIKitExampleSettings.swift in Sources */ = {isa = PBXBuildFile; fileRef = 2AF864E82D350EE1003DD546 /* RUIKitExampleSettings.swift */; };
/* End PBXBuildFile section */

/* Begin PBXContainerItemProxy section */
		2AB7B06D2D17DBBD00D64FA0 /* PBXContainerItemProxy */ = {
			isa = PBXContainerItemProxy;
			containerPortal = 2AB7B0422D17DB0B00D64FA0 /* Project object */;
			proxyType = 1;
			remoteGlobalIDString = 2AB7B04A2D17DB0B00D64FA0;
			remoteInfo = RUIKit;
		};
/* End PBXContainerItemProxy section */

/* Begin PBXCopyFilesBuildPhase section */
		2AB7B06F2D17DBBD00D64FA0 /* Embed Frameworks */ = {
			isa = PBXCopyFilesBuildPhase;
			buildActionMask = 2147483647;
			dstPath = "";
			dstSubfolderSpec = 10;
			files = (
				2AB7B06C2D17DBBD00D64FA0 /* RUIKit.framework in Embed Frameworks */,
			);
			name = "Embed Frameworks";
			runOnlyForDeploymentPostprocessing = 0;
		};
/* End PBXCopyFilesBuildPhase section */

/* Begin PBXFileReference section */
		2A20B5702D33C2E200A8528A /* Package.swift */ = {isa = PBXFileReference; lastKnownFileType = sourcecode.swift; path = Package.swift; sourceTree = "<group>"; };
		2A59DB8E2D1949E5003E0D44 /* RUICircularProgressViewExample.swift */ = {isa = PBXFileReference; lastKnownFileType = sourcecode.swift; path = RUICircularProgressViewExample.swift; sourceTree = "<group>"; };
		2A59DB902D1B5E1E003E0D44 /* RUISlider.swift */ = {isa = PBXFileReference; lastKnownFileType = sourcecode.swift; path = RUISlider.swift; sourceTree = "<group>"; };
		2A59DB922D1B61B9003E0D44 /* RUISliderExample.swift */ = {isa = PBXFileReference; lastKnownFileType = sourcecode.swift; path = RUISliderExample.swift; sourceTree = "<group>"; };
		2A5C90D02D1E967C00DDF96F /* RUIProgressView.swift */ = {isa = PBXFileReference; lastKnownFileType = sourcecode.swift; path = RUIProgressView.swift; sourceTree = "<group>"; };
		2A5C90D32D1E9EE400DDF96F /* Comparable+Extension.swift */ = {isa = PBXFileReference; lastKnownFileType = sourcecode.swift; path = "Comparable+Extension.swift"; sourceTree = "<group>"; };
		2A5C90D52D1EA6B900DDF96F /* RUIProgressViewExample.swift */ = {isa = PBXFileReference; lastKnownFileType = sourcecode.swift; path = RUIProgressViewExample.swift; sourceTree = "<group>"; };
		2A5C90D92D1FF96400DDF96F /* RUIEmbeddedThumbSlider.swift */ = {isa = PBXFileReference; lastKnownFileType = sourcecode.swift; path = RUIEmbeddedThumbSlider.swift; sourceTree = "<group>"; };
		2A5C90DB2D1FFD7B00DDF96F /* RUIEmbeddedThumbSliderExample.swift */ = {isa = PBXFileReference; lastKnownFileType = sourcecode.swift; path = RUIEmbeddedThumbSliderExample.swift; sourceTree = "<group>"; };
		2A5C90DD2D21522500DDF96F /* BinaryFloatingPoint+Extension.swift */ = {isa = PBXFileReference; lastKnownFileType = sourcecode.swift; path = "BinaryFloatingPoint+Extension.swift"; sourceTree = "<group>"; };
		2A5C90DF2D2154DA00DDF96F /* ClosedRange+Extension.swift */ = {isa = PBXFileReference; lastKnownFileType = sourcecode.swift; path = "ClosedRange+Extension.swift"; sourceTree = "<group>"; };
		2AB7B04B2D17DB0B00D64FA0 /* RUIKit.framework */ = {isa = PBXFileReference; explicitFileType = wrapper.framework; includeInIndex = 0; path = RUIKit.framework; sourceTree = BUILT_PRODUCTS_DIR; };
		2AB7B05B2D17DB7400D64FA0 /* RUIKitExample.app */ = {isa = PBXFileReference; explicitFileType = wrapper.application; includeInIndex = 0; path = RUIKitExample.app; sourceTree = BUILT_PRODUCTS_DIR; };
		2AB7B0752D17DFC900D64FA0 /* RUICircularProgressView.swift */ = {isa = PBXFileReference; fileEncoding = 4; lastKnownFileType = sourcecode.swift; path = RUICircularProgressView.swift; sourceTree = "<group>"; };
		2AB7B0872D17E04500D64FA0 /* RUIKitExampleViewsList.swift */ = {isa = PBXFileReference; fileEncoding = 4; lastKnownFileType = sourcecode.swift; path = RUIKitExampleViewsList.swift; sourceTree = "<group>"; };
		2AB7B0882D17E04500D64FA0 /* RUIKitExampleApp.swift */ = {isa = PBXFileReference; fileEncoding = 4; lastKnownFileType = sourcecode.swift; path = RUIKitExampleApp.swift; sourceTree = "<group>"; };
		2AF864E82D350EE1003DD546 /* RUIKitExampleSettings.swift */ = {isa = PBXFileReference; lastKnownFileType = sourcecode.swift; path = RUIKitExampleSettings.swift; sourceTree = "<group>"; };
/* End PBXFileReference section */

/* Begin PBXFrameworksBuildPhase section */
		2AB7B0482D17DB0B00D64FA0 /* Frameworks */ = {
			isa = PBXFrameworksBuildPhase;
			buildActionMask = 2147483647;
			files = (
				2AD2BC812D376A4E0061B6CD /* RThemeEngine in Frameworks */,
			);
			runOnlyForDeploymentPostprocessing = 0;
		};
		2AB7B0582D17DB7400D64FA0 /* Frameworks */ = {
			isa = PBXFrameworksBuildPhase;
			buildActionMask = 2147483647;
			files = (
				2AB7B06B2D17DBBD00D64FA0 /* RUIKit.framework in Frameworks */,
			);
			runOnlyForDeploymentPostprocessing = 0;
		};
/* End PBXFrameworksBuildPhase section */

/* Begin PBXGroup section */
		2A59DB942D1B61C4003E0D44 /* ExampleViews */ = {
			isa = PBXGroup;
			children = (
				2A59DB8E2D1949E5003E0D44 /* RUICircularProgressViewExample.swift */,
				2A5C90DB2D1FFD7B00DDF96F /* RUIEmbeddedThumbSliderExample.swift */,
				2A5C90D52D1EA6B900DDF96F /* RUIProgressViewExample.swift */,
				2A59DB922D1B61B9003E0D44 /* RUISliderExample.swift */,
			);
			path = ExampleViews;
			sourceTree = "<group>";
		};
		2A5C90D22D1E9EC600DDF96F /* Utility */ = {
			isa = PBXGroup;
			children = (
				2A5C90D32D1E9EE400DDF96F /* Comparable+Extension.swift */,
				2A5C90DD2D21522500DDF96F /* BinaryFloatingPoint+Extension.swift */,
				2A5C90DF2D2154DA00DDF96F /* ClosedRange+Extension.swift */,
			);
			path = Utility;
			sourceTree = "<group>";
		};
		2AB7B0412D17DB0B00D64FA0 = {
			isa = PBXGroup;
			children = (
				2A20B5702D33C2E200A8528A /* Package.swift */,
				2AB7B0892D17E04500D64FA0 /* Example */,
				2AB7B0772D17DFC900D64FA0 /* Sources */,
				2AB7B04C2D17DB0B00D64FA0 /* Products */,
				2AB7B06A2D17DBBD00D64FA0 /* Frameworks */,
			);
			sourceTree = "<group>";
		};
		2AB7B04C2D17DB0B00D64FA0 /* Products */ = {
			isa = PBXGroup;
			children = (
				2AB7B04B2D17DB0B00D64FA0 /* RUIKit.framework */,
				2AB7B05B2D17DB7400D64FA0 /* RUIKitExample.app */,
			);
			name = Products;
			sourceTree = "<group>";
		};
		2AB7B06A2D17DBBD00D64FA0 /* Frameworks */ = {
			isa = PBXGroup;
			children = (
			);
			name = Frameworks;
			sourceTree = "<group>";
		};
		2AB7B0772D17DFC900D64FA0 /* Sources */ = {
			isa = PBXGroup;
			children = (
				2AB7B0752D17DFC900D64FA0 /* RUICircularProgressView.swift */,
				2A5C90D92D1FF96400DDF96F /* RUIEmbeddedThumbSlider.swift */,
				2A5C90D02D1E967C00DDF96F /* RUIProgressView.swift */,
				2A59DB902D1B5E1E003E0D44 /* RUISlider.swift */,
				2A5C90D22D1E9EC600DDF96F /* Utility */,
			);
			path = Sources;
			sourceTree = "<group>";
		};
		2AB7B0892D17E04500D64FA0 /* Example */ = {
			isa = PBXGroup;
			children = (
				2AB7B0882D17E04500D64FA0 /* RUIKitExampleApp.swift */,
				2AB7B0872D17E04500D64FA0 /* RUIKitExampleViewsList.swift */,
				2AF864E82D350EE1003DD546 /* RUIKitExampleSettings.swift */,
				2A59DB942D1B61C4003E0D44 /* ExampleViews */,
			);
			path = Example;
			sourceTree = "<group>";
		};
/* End PBXGroup section */

/* Begin PBXHeadersBuildPhase section */
		2AB7B0462D17DB0B00D64FA0 /* Headers */ = {
			isa = PBXHeadersBuildPhase;
			buildActionMask = 2147483647;
			files = (
			);
			runOnlyForDeploymentPostprocessing = 0;
		};
/* End PBXHeadersBuildPhase section */

/* Begin PBXNativeTarget section */
		2AB7B04A2D17DB0B00D64FA0 /* RUIKit */ = {
			isa = PBXNativeTarget;
			buildConfigurationList = 2AB7B0522D17DB0B00D64FA0 /* Build configuration list for PBXNativeTarget "RUIKit" */;
			buildPhases = (
				2AB7B0462D17DB0B00D64FA0 /* Headers */,
				2AB7B0472D17DB0B00D64FA0 /* Sources */,
				2AB7B0482D17DB0B00D64FA0 /* Frameworks */,
				2AB7B0492D17DB0B00D64FA0 /* Resources */,
			);
			buildRules = (
			);
			dependencies = (
			);
			name = RUIKit;
			packageProductDependencies = (
				2AD2BC802D376A4E0061B6CD /* RThemeEngine */,
			);
			productName = RUIKit;
			productReference = 2AB7B04B2D17DB0B00D64FA0 /* RUIKit.framework */;
			productType = "com.apple.product-type.framework";
		};
		2AB7B05A2D17DB7400D64FA0 /* RUIKitExample */ = {
			isa = PBXNativeTarget;
			buildConfigurationList = 2AB7B0662D17DB7500D64FA0 /* Build configuration list for PBXNativeTarget "RUIKitExample" */;
			buildPhases = (
				2AB7B0572D17DB7400D64FA0 /* Sources */,
				2AB7B0582D17DB7400D64FA0 /* Frameworks */,
				2AB7B0592D17DB7400D64FA0 /* Resources */,
				2AB7B06F2D17DBBD00D64FA0 /* Embed Frameworks */,
			);
			buildRules = (
			);
			dependencies = (
				2AB7B06E2D17DBBD00D64FA0 /* PBXTargetDependency */,
			);
			name = RUIKitExample;
			packageProductDependencies = (
			);
			productName = RUIKitExample;
			productReference = 2AB7B05B2D17DB7400D64FA0 /* RUIKitExample.app */;
			productType = "com.apple.product-type.application";
		};
/* End PBXNativeTarget section */

/* Begin PBXProject section */
		2AB7B0422D17DB0B00D64FA0 /* Project object */ = {
			isa = PBXProject;
			attributes = {
				BuildIndependentTargetsInParallel = 1;
				LastSwiftUpdateCheck = 1540;
				LastUpgradeCheck = 1540;
				TargetAttributes = {
					2AB7B04A2D17DB0B00D64FA0 = {
						CreatedOnToolsVersion = 15.4;
						LastSwiftMigration = 1540;
					};
					2AB7B05A2D17DB7400D64FA0 = {
						CreatedOnToolsVersion = 15.4;
					};
				};
			};
			buildConfigurationList = 2AB7B0452D17DB0B00D64FA0 /* Build configuration list for PBXProject "RUIKit" */;
			compatibilityVersion = "Xcode 14.0";
			developmentRegion = en;
			hasScannedForEncodings = 0;
			knownRegions = (
				en,
				Base,
			);
			mainGroup = 2AB7B0412D17DB0B00D64FA0;
			packageReferences = (
				2AD2BC7D2D3768E40061B6CD /* XCLocalSwiftPackageReference "../RThemeEngine" */,
			);
			productRefGroup = 2AB7B04C2D17DB0B00D64FA0 /* Products */;
			projectDirPath = "";
			projectRoot = "";
			targets = (
				2AB7B04A2D17DB0B00D64FA0 /* RUIKit */,
				2AB7B05A2D17DB7400D64FA0 /* RUIKitExample */,
			);
		};
/* End PBXProject section */

/* Begin PBXResourcesBuildPhase section */
		2AB7B0492D17DB0B00D64FA0 /* Resources */ = {
			isa = PBXResourcesBuildPhase;
			buildActionMask = 2147483647;
			files = (
			);
			runOnlyForDeploymentPostprocessing = 0;
		};
		2AB7B0592D17DB7400D64FA0 /* Resources */ = {
			isa = PBXResourcesBuildPhase;
			buildActionMask = 2147483647;
			files = (
			);
			runOnlyForDeploymentPostprocessing = 0;
		};
/* End PBXResourcesBuildPhase section */

/* Begin PBXSourcesBuildPhase section */
		2AB7B0472D17DB0B00D64FA0 /* Sources */ = {
			isa = PBXSourcesBuildPhase;
			buildActionMask = 2147483647;
			files = (
				2AB7B0782D17DFC900D64FA0 /* RUICircularProgressView.swift in Sources */,
				2A5C90DE2D21522500DDF96F /* BinaryFloatingPoint+Extension.swift in Sources */,
				2A59DB912D1B5E1E003E0D44 /* RUISlider.swift in Sources */,
				2A5C90D12D1E967C00DDF96F /* RUIProgressView.swift in Sources */,
				2A5C90DA2D1FF96400DDF96F /* RUIEmbeddedThumbSlider.swift in Sources */,
				2A5C90E02D2154DA00DDF96F /* ClosedRange+Extension.swift in Sources */,
				2A5C90D42D1E9EE400DDF96F /* Comparable+Extension.swift in Sources */,
			);
			runOnlyForDeploymentPostprocessing = 0;
		};
		2AB7B0572D17DB7400D64FA0 /* Sources */ = {
			isa = PBXSourcesBuildPhase;
			buildActionMask = 2147483647;
			files = (
				2A59DB952D1B61FD003E0D44 /* RUISliderExample.swift in Sources */,
				2AB7B0912D17E20700D64FA0 /* RUIKitExampleApp.swift in Sources */,
				2AF864E92D350EE1003DD546 /* RUIKitExampleSettings.swift in Sources */,
				2A5C90DC2D1FFD7B00DDF96F /* RUIEmbeddedThumbSliderExample.swift in Sources */,
				2A59DB8F2D1949E5003E0D44 /* RUICircularProgressViewExample.swift in Sources */,
				2A5C90D62D1EA6B900DDF96F /* RUIProgressViewExample.swift in Sources */,
				2AB7B0902D17E20300D64FA0 /* RUIKitExampleViewsList.swift in Sources */,
			);
			runOnlyForDeploymentPostprocessing = 0;
		};
/* End PBXSourcesBuildPhase section */

/* Begin PBXTargetDependency section */
		2AB7B06E2D17DBBD00D64FA0 /* PBXTargetDependency */ = {
			isa = PBXTargetDependency;
			target = 2AB7B04A2D17DB0B00D64FA0 /* RUIKit */;
			targetProxy = 2AB7B06D2D17DBBD00D64FA0 /* PBXContainerItemProxy */;
		};
/* End PBXTargetDependency section */

/* Begin XCBuildConfiguration section */
		2AB7B0502D17DB0B00D64FA0 /* Debug */ = {
			isa = XCBuildConfiguration;
			buildSettings = {
				ALWAYS_SEARCH_USER_PATHS = NO;
				ASSETCATALOG_COMPILER_GENERATE_SWIFT_ASSET_SYMBOL_EXTENSIONS = YES;
				CLANG_ANALYZER_NONNULL = YES;
				CLANG_ANALYZER_NUMBER_OBJECT_CONVERSION = YES_AGGRESSIVE;
				CLANG_CXX_LANGUAGE_STANDARD = "gnu++20";
				CLANG_ENABLE_MODULES = YES;
				CLANG_ENABLE_OBJC_ARC = YES;
				CLANG_ENABLE_OBJC_WEAK = YES;
				CLANG_WARN_BLOCK_CAPTURE_AUTORELEASING = YES;
				CLANG_WARN_BOOL_CONVERSION = YES;
				CLANG_WARN_COMMA = YES;
				CLANG_WARN_CONSTANT_CONVERSION = YES;
				CLANG_WARN_DEPRECATED_OBJC_IMPLEMENTATIONS = YES;
				CLANG_WARN_DIRECT_OBJC_ISA_USAGE = YES_ERROR;
				CLANG_WARN_DOCUMENTATION_COMMENTS = YES;
				CLANG_WARN_EMPTY_BODY = YES;
				CLANG_WARN_ENUM_CONVERSION = YES;
				CLANG_WARN_INFINITE_RECURSION = YES;
				CLANG_WARN_INT_CONVERSION = YES;
				CLANG_WARN_NON_LITERAL_NULL_CONVERSION = YES;
				CLANG_WARN_OBJC_IMPLICIT_RETAIN_SELF = YES;
				CLANG_WARN_OBJC_LITERAL_CONVERSION = YES;
				CLANG_WARN_OBJC_ROOT_CLASS = YES_ERROR;
				CLANG_WARN_QUOTED_INCLUDE_IN_FRAMEWORK_HEADER = YES;
				CLANG_WARN_RANGE_LOOP_ANALYSIS = YES;
				CLANG_WARN_STRICT_PROTOTYPES = YES;
				CLANG_WARN_SUSPICIOUS_MOVE = YES;
				CLANG_WARN_UNGUARDED_AVAILABILITY = YES_AGGRESSIVE;
				CLANG_WARN_UNREACHABLE_CODE = YES;
				CLANG_WARN__DUPLICATE_METHOD_MATCH = YES;
				COPY_PHASE_STRIP = NO;
				CURRENT_PROJECT_VERSION = 1;
				DEBUG_INFORMATION_FORMAT = dwarf;
				ENABLE_STRICT_OBJC_MSGSEND = YES;
				ENABLE_TESTABILITY = YES;
				ENABLE_USER_SCRIPT_SANDBOXING = YES;
				GCC_C_LANGUAGE_STANDARD = gnu17;
				GCC_DYNAMIC_NO_PIC = NO;
				GCC_NO_COMMON_BLOCKS = YES;
				GCC_OPTIMIZATION_LEVEL = 0;
				GCC_PREPROCESSOR_DEFINITIONS = (
					"DEBUG=1",
					"$(inherited)",
				);
				GCC_WARN_64_TO_32_BIT_CONVERSION = YES;
				GCC_WARN_ABOUT_RETURN_TYPE = YES_ERROR;
				GCC_WARN_UNDECLARED_SELECTOR = YES;
				GCC_WARN_UNINITIALIZED_AUTOS = YES_AGGRESSIVE;
				GCC_WARN_UNUSED_FUNCTION = YES;
				GCC_WARN_UNUSED_VARIABLE = YES;
				IPHONEOS_DEPLOYMENT_TARGET = 17.5;
				LOCALIZATION_PREFERS_STRING_CATALOGS = YES;
				MTL_ENABLE_DEBUG_INFO = INCLUDE_SOURCE;
				MTL_FAST_MATH = YES;
				ONLY_ACTIVE_ARCH = YES;
				SDKROOT = iphoneos;
				SWIFT_ACTIVE_COMPILATION_CONDITIONS = "DEBUG $(inherited)";
				SWIFT_OPTIMIZATION_LEVEL = "-Onone";
				VERSIONING_SYSTEM = "apple-generic";
				VERSION_INFO_PREFIX = "";
			};
			name = Debug;
		};
		2AB7B0512D17DB0B00D64FA0 /* Release */ = {
			isa = XCBuildConfiguration;
			buildSettings = {
				ALWAYS_SEARCH_USER_PATHS = NO;
				ASSETCATALOG_COMPILER_GENERATE_SWIFT_ASSET_SYMBOL_EXTENSIONS = YES;
				CLANG_ANALYZER_NONNULL = YES;
				CLANG_ANALYZER_NUMBER_OBJECT_CONVERSION = YES_AGGRESSIVE;
				CLANG_CXX_LANGUAGE_STANDARD = "gnu++20";
				CLANG_ENABLE_MODULES = YES;
				CLANG_ENABLE_OBJC_ARC = YES;
				CLANG_ENABLE_OBJC_WEAK = YES;
				CLANG_WARN_BLOCK_CAPTURE_AUTORELEASING = YES;
				CLANG_WARN_BOOL_CONVERSION = YES;
				CLANG_WARN_COMMA = YES;
				CLANG_WARN_CONSTANT_CONVERSION = YES;
				CLANG_WARN_DEPRECATED_OBJC_IMPLEMENTATIONS = YES;
				CLANG_WARN_DIRECT_OBJC_ISA_USAGE = YES_ERROR;
				CLANG_WARN_DOCUMENTATION_COMMENTS = YES;
				CLANG_WARN_EMPTY_BODY = YES;
				CLANG_WARN_ENUM_CONVERSION = YES;
				CLANG_WARN_INFINITE_RECURSION = YES;
				CLANG_WARN_INT_CONVERSION = YES;
				CLANG_WARN_NON_LITERAL_NULL_CONVERSION = YES;
				CLANG_WARN_OBJC_IMPLICIT_RETAIN_SELF = YES;
				CLANG_WARN_OBJC_LITERAL_CONVERSION = YES;
				CLANG_WARN_OBJC_ROOT_CLASS = YES_ERROR;
				CLANG_WARN_QUOTED_INCLUDE_IN_FRAMEWORK_HEADER = YES;
				CLANG_WARN_RANGE_LOOP_ANALYSIS = YES;
				CLANG_WARN_STRICT_PROTOTYPES = YES;
				CLANG_WARN_SUSPICIOUS_MOVE = YES;
				CLANG_WARN_UNGUARDED_AVAILABILITY = YES_AGGRESSIVE;
				CLANG_WARN_UNREACHABLE_CODE = YES;
				CLANG_WARN__DUPLICATE_METHOD_MATCH = YES;
				COPY_PHASE_STRIP = NO;
				CURRENT_PROJECT_VERSION = 1;
				DEBUG_INFORMATION_FORMAT = "dwarf-with-dsym";
				ENABLE_NS_ASSERTIONS = NO;
				ENABLE_STRICT_OBJC_MSGSEND = YES;
				ENABLE_USER_SCRIPT_SANDBOXING = YES;
				GCC_C_LANGUAGE_STANDARD = gnu17;
				GCC_NO_COMMON_BLOCKS = YES;
				GCC_WARN_64_TO_32_BIT_CONVERSION = YES;
				GCC_WARN_ABOUT_RETURN_TYPE = YES_ERROR;
				GCC_WARN_UNDECLARED_SELECTOR = YES;
				GCC_WARN_UNINITIALIZED_AUTOS = YES_AGGRESSIVE;
				GCC_WARN_UNUSED_FUNCTION = YES;
				GCC_WARN_UNUSED_VARIABLE = YES;
				IPHONEOS_DEPLOYMENT_TARGET = 17.5;
				LOCALIZATION_PREFERS_STRING_CATALOGS = YES;
				MTL_ENABLE_DEBUG_INFO = NO;
				MTL_FAST_MATH = YES;
				SDKROOT = iphoneos;
				SWIFT_COMPILATION_MODE = wholemodule;
				VALIDATE_PRODUCT = YES;
				VERSIONING_SYSTEM = "apple-generic";
				VERSION_INFO_PREFIX = "";
			};
			name = Release;
		};
		2AB7B0532D17DB0B00D64FA0 /* Debug */ = {
			isa = XCBuildConfiguration;
			buildSettings = {
				BUILD_LIBRARY_FOR_DISTRIBUTION = NO;
				CLANG_ENABLE_MODULES = YES;
				CODE_SIGN_STYLE = Automatic;
				CURRENT_PROJECT_VERSION = 1;
				DEVELOPMENT_TEAM = 83RMW7CPM5;
				DYLIB_COMPATIBILITY_VERSION = 1;
				DYLIB_CURRENT_VERSION = 1;
				DYLIB_INSTALL_NAME_BASE = "@rpath";
				ENABLE_MODULE_VERIFIER = YES;
				GENERATE_INFOPLIST_FILE = YES;
				INFOPLIST_KEY_NSHumanReadableCopyright = "";
				INSTALL_PATH = "$(LOCAL_LIBRARY_DIR)/Frameworks";
				LD_RUNPATH_SEARCH_PATHS = (
					"$(inherited)",
					"@executable_path/Frameworks",
					"@loader_path/Frameworks",
				);
				MARKETING_VERSION = 1.0;
				MODULE_VERIFIER_SUPPORTED_LANGUAGES = "objective-c objective-c++";
				MODULE_VERIFIER_SUPPORTED_LANGUAGE_STANDARDS = "gnu17 gnu++20";
				PRODUCT_BUNDLE_IDENTIFIER = leerachel5.ios.frameworks.RUIKit;
				PRODUCT_NAME = "$(TARGET_NAME:c99extidentifier)";
				SKIP_INSTALL = YES;
				SWIFT_EMIT_LOC_STRINGS = YES;
				SWIFT_INSTALL_OBJC_HEADER = NO;
				SWIFT_OPTIMIZATION_LEVEL = "-Onone";
				SWIFT_VERSION = 5.0;
				TARGETED_DEVICE_FAMILY = "1,2";
			};
			name = Debug;
		};
		2AB7B0542D17DB0B00D64FA0 /* Release */ = {
			isa = XCBuildConfiguration;
			buildSettings = {
				BUILD_LIBRARY_FOR_DISTRIBUTION = NO;
				CLANG_ENABLE_MODULES = YES;
				CODE_SIGN_STYLE = Automatic;
				CURRENT_PROJECT_VERSION = 1;
				DEVELOPMENT_TEAM = 83RMW7CPM5;
				DYLIB_COMPATIBILITY_VERSION = 1;
				DYLIB_CURRENT_VERSION = 1;
				DYLIB_INSTALL_NAME_BASE = "@rpath";
				ENABLE_MODULE_VERIFIER = YES;
				GENERATE_INFOPLIST_FILE = YES;
				INFOPLIST_KEY_NSHumanReadableCopyright = "";
				INSTALL_PATH = "$(LOCAL_LIBRARY_DIR)/Frameworks";
				LD_RUNPATH_SEARCH_PATHS = (
					"$(inherited)",
					"@executable_path/Frameworks",
					"@loader_path/Frameworks",
				);
				MARKETING_VERSION = 1.0;
				MODULE_VERIFIER_SUPPORTED_LANGUAGES = "objective-c objective-c++";
				MODULE_VERIFIER_SUPPORTED_LANGUAGE_STANDARDS = "gnu17 gnu++20";
				PRODUCT_BUNDLE_IDENTIFIER = leerachel5.ios.frameworks.RUIKit;
				PRODUCT_NAME = "$(TARGET_NAME:c99extidentifier)";
				SKIP_INSTALL = YES;
				SWIFT_EMIT_LOC_STRINGS = YES;
				SWIFT_INSTALL_OBJC_HEADER = NO;
				SWIFT_VERSION = 5.0;
				TARGETED_DEVICE_FAMILY = "1,2";
			};
			name = Release;
		};
		2AB7B0672D17DB7500D64FA0 /* Debug */ = {
			isa = XCBuildConfiguration;
			buildSettings = {
				ALWAYS_EMBED_SWIFT_STANDARD_LIBRARIES = YES;
				ASSETCATALOG_COMPILER_APPICON_NAME = AppIcon;
				ASSETCATALOG_COMPILER_GLOBAL_ACCENT_COLOR_NAME = AccentColor;
				CODE_SIGN_STYLE = Automatic;
				CURRENT_PROJECT_VERSION = 1;
				DEVELOPMENT_TEAM = 83RMW7CPM5;
				ENABLE_PREVIEWS = YES;
				GENERATE_INFOPLIST_FILE = YES;
				INFOPLIST_KEY_UIApplicationSceneManifest_Generation = YES;
				INFOPLIST_KEY_UIApplicationSupportsIndirectInputEvents = YES;
				INFOPLIST_KEY_UILaunchScreen_Generation = YES;
				INFOPLIST_KEY_UISupportedInterfaceOrientations_iPad = "UIInterfaceOrientationPortrait UIInterfaceOrientationPortraitUpsideDown UIInterfaceOrientationLandscapeLeft UIInterfaceOrientationLandscapeRight";
				INFOPLIST_KEY_UISupportedInterfaceOrientations_iPhone = "UIInterfaceOrientationPortrait UIInterfaceOrientationLandscapeLeft UIInterfaceOrientationLandscapeRight";
				LD_RUNPATH_SEARCH_PATHS = (
					"$(inherited)",
					"@executable_path/Frameworks",
				);
				MARKETING_VERSION = 1.0;
				PRODUCT_BUNDLE_IDENTIFIER = leerachel5.ios.frameworks.RUIKitExample;
				PRODUCT_NAME = "$(TARGET_NAME)";
				SWIFT_EMIT_LOC_STRINGS = YES;
				SWIFT_VERSION = 5.0;
				TARGETED_DEVICE_FAMILY = "1,2";
			};
			name = Debug;
		};
		2AB7B0682D17DB7500D64FA0 /* Release */ = {
			isa = XCBuildConfiguration;
			buildSettings = {
				ALWAYS_EMBED_SWIFT_STANDARD_LIBRARIES = YES;
				ASSETCATALOG_COMPILER_APPICON_NAME = AppIcon;
				ASSETCATALOG_COMPILER_GLOBAL_ACCENT_COLOR_NAME = AccentColor;
				CODE_SIGN_STYLE = Automatic;
				CURRENT_PROJECT_VERSION = 1;
				DEVELOPMENT_TEAM = 83RMW7CPM5;
				ENABLE_PREVIEWS = YES;
				GENERATE_INFOPLIST_FILE = YES;
				INFOPLIST_KEY_UIApplicationSceneManifest_Generation = YES;
				INFOPLIST_KEY_UIApplicationSupportsIndirectInputEvents = YES;
				INFOPLIST_KEY_UILaunchScreen_Generation = YES;
				INFOPLIST_KEY_UISupportedInterfaceOrientations_iPad = "UIInterfaceOrientationPortrait UIInterfaceOrientationPortraitUpsideDown UIInterfaceOrientationLandscapeLeft UIInterfaceOrientationLandscapeRight";
				INFOPLIST_KEY_UISupportedInterfaceOrientations_iPhone = "UIInterfaceOrientationPortrait UIInterfaceOrientationLandscapeLeft UIInterfaceOrientationLandscapeRight";
				LD_RUNPATH_SEARCH_PATHS = (
					"$(inherited)",
					"@executable_path/Frameworks",
				);
				MARKETING_VERSION = 1.0;
				PRODUCT_BUNDLE_IDENTIFIER = leerachel5.ios.frameworks.RUIKitExample;
				PRODUCT_NAME = "$(TARGET_NAME)";
				SWIFT_EMIT_LOC_STRINGS = YES;
				SWIFT_VERSION = 5.0;
				TARGETED_DEVICE_FAMILY = "1,2";
			};
			name = Release;
		};
/* End XCBuildConfiguration section */

/* Begin XCConfigurationList section */
		2AB7B0452D17DB0B00D64FA0 /* Build configuration list for PBXProject "RUIKit" */ = {
			isa = XCConfigurationList;
			buildConfigurations = (
				2AB7B0502D17DB0B00D64FA0 /* Debug */,
				2AB7B0512D17DB0B00D64FA0 /* Release */,
			);
			defaultConfigurationIsVisible = 0;
			defaultConfigurationName = Release;
		};
		2AB7B0522D17DB0B00D64FA0 /* Build configuration list for PBXNativeTarget "RUIKit" */ = {
			isa = XCConfigurationList;
			buildConfigurations = (
				2AB7B0532D17DB0B00D64FA0 /* Debug */,
				2AB7B0542D17DB0B00D64FA0 /* Release */,
			);
			defaultConfigurationIsVisible = 0;
			defaultConfigurationName = Release;
		};
		2AB7B0662D17DB7500D64FA0 /* Build configuration list for PBXNativeTarget "RUIKitExample" */ = {
			isa = XCConfigurationList;
			buildConfigurations = (
				2AB7B0672D17DB7500D64FA0 /* Debug */,
				2AB7B0682D17DB7500D64FA0 /* Release */,
			);
			defaultConfigurationIsVisible = 0;
			defaultConfigurationName = Release;
		};
/* End XCConfigurationList section */

/* Begin XCLocalSwiftPackageReference section */
		2AD2BC7D2D3768E40061B6CD /* XCLocalSwiftPackageReference "../RThemeEngine" */ = {
			isa = XCLocalSwiftPackageReference;
			relativePath = ../RThemeEngine;
		};
/* End XCLocalSwiftPackageReference section */

/* Begin XCSwiftPackageProductDependency section */
		2AD2BC802D376A4E0061B6CD /* RThemeEngine */ = {
			isa = XCSwiftPackageProductDependency;
			package = 2AD2BC7D2D3768E40061B6CD /* XCLocalSwiftPackageReference "../RThemeEngine" */;
			productName = RThemeEngine;
		};
/* End XCSwiftPackageProductDependency section */
	};
	rootObject = 2AB7B0422D17DB0B00D64FA0 /* Project object */;
}
